
Microsoft Visual Studio Solution File, Format Version 12.00
# Visual Studio Version 16
VisualStudioVersion = 16.0.31729.503
MinimumVisualStudioVersion = 10.0.40219.1
Project("{FAE04EC0-301F-11D3-BF4B-00C04F79EFBC}") = "RegexPatternMaching", "RegexPatternMaching.csproj", "{4BA1A47F-61A0-4513-9B5A-98DF80CCADE7}"
EndProject
Global
	GlobalSection(SolutionConfigurationPlatforms) = preSolution
		Debug|Any CPU = Debug|Any CPU
		Release|Any CPU = Release|Any CPU
	EndGlobalSection
	GlobalSection(ProjectConfigurationPlatforms) = postSolution
		{4BA1A47F-61A0-4513-9B5A-98DF80CCADE7}.Debug|Any CPU.ActiveCfg = Debug|Any CPU
		{4BA1A47F-61A0-4513-9B5A-98DF80CCADE7}.Debug|Any CPU.Build.0 = Debug|Any CPU
		{4BA1A47F-61A0-4513-9B5A-98DF80CCADE7}.Release|Any CPU.ActiveCfg = Release|Any CPU
		{4BA1A47F-61A0-4513-9B5A-98DF80CCADE7}.Release|Any CPU.Build.0 = Release|Any CPU
	EndGlobalSection
	GlobalSection(SolutionProperties) = preSolution
		HideSolutionNode = FALSE
	EndGlobalSection
	GlobalSection(ExtensibilityGlobals) = postSolution
		SolutionGuid = {BEA97F5B-D2E2-433C-A61B-8E9AEAE2D776}
	EndGlobalSection
EndGlobal
